{
  "nodes": {
    "root": {
      "inputs": {
        "themed-gnome-shell-nix": "themed-gnome-shell-nix"
      }
    },
    "themed-gnome-shell-nix": {
      "locked": {
        "lastModified": 1665869476,
        "narHash": "sha256-0GDe5VGipJPb7LulQsRWfB4SDuIixXavZ2xqVF/Mf7s=",
        "owner": "schuelermine",
        "repo": "themed-gnome-shell-nix",
        "rev": "1c31356c4c9997200b0177912d92cef839652cbc",
        "type": "github"
      },
      "original": {
        "owner": "schuelermine",
        "repo": "themed-gnome-shell-nix",
        "type": "github"
      }
    }
  },
  "root": "root",
  "version": 7
}
