{
  "nodes": {
    "root": {
      "inputs": {
        "themed-gnome-shell-nix": "themed-gnome-shell-nix"
      }
    },
    "themed-gnome-shell-nix": {
      "locked": {
        "lastModified": 1665870166,
        "narHash": "sha256-5lFodpDzOsu7LhLRIGMHKM4aUTwSs8iZDKuzQM8JnxE=",
        "owner": "schuelermine",
        "repo": "themed-gnome-shell-nix",
        "rev": "528101b830147c52fae63162bd59acfb06fb1d40",
        "type": "github"
      },
      "original": {
        "owner": "schuelermine",
        "repo": "themed-gnome-shell-nix",
        "type": "github"
      }
    }
  },
  "root": "root",
  "version": 7
}
