{
  "nodes": {
    "root": {
      "inputs": {
        "themed-gnome-shell-nix": "themed-gnome-shell-nix"
      }
    },
    "themed-gnome-shell-nix": {
      "locked": {
        "lastModified": 1665870215,
        "narHash": "sha256-gM/ObuK4QCoGS9xfV58EIZ3NhhjSaud8icwvB1aPRTQ=",
        "owner": "schuelermine",
        "repo": "themed-gnome-shell-nix",
        "rev": "67c025767b06945ea5ddb27316150e89459fb202",
        "type": "github"
      },
      "original": {
        "owner": "schuelermine",
        "repo": "themed-gnome-shell-nix",
        "type": "github"
      }
    }
  },
  "root": "root",
  "version": 7
}
